{
  "requires": true,
  "lockfileVersion": 1,
  "dependencies": {
    "lodash.debounce": {
      "version": "4.0.8",
      "resolved": "https://registry.npmjs.org/lodash.debounce/-/lodash.debounce-4.0.8.tgz",
      "integrity": "sha1-gteb/zCmfEAF/9XiUVMArZyk168="
    },
    "lodash.throttle": {
      "version": "4.1.1",
      "resolved": "https://registry.npmjs.org/lodash.throttle/-/lodash.throttle-4.1.1.tgz",
      "integrity": "sha1-wj6RtxAkKscMN/HhzaknTMOb8vQ="
    },
    "react-lazy-load-image-component": {
      "version": "1.5.0",
      "resolved": "https://registry.npmjs.org/react-lazy-load-image-component/-/react-lazy-load-image-component-1.5.0.tgz",
      "integrity": "sha512-dAvuueTq0FNjswHEII8tcd0FRRHZgPoIdVhE1fcAfCdqY7LZ37IHd0xWb2c6rCl+dsSm9Z4AloEffM8JYPxTlA==",
      "requires": {
        "lodash.debounce": "^4.0.8",
        "lodash.throttle": "^4.1.1"
      }
    }
  }
}
